// !$*UTF8*$!
{
	archiveVersion = 1;
	classes = {
	};
	objectVersion = 55;
	objects = {

/* Begin PBXBuildFile section */
		8DAA74B527E3A6D50059A9C6 /* StoryPromptViewController.swift in Sources */ = {isa = PBXBuildFile; fileRef = 8DAA74B427E3A6D50059A9C6 /* StoryPromptViewController.swift */; };
		8DF68DC127E10C020041859C /* AppDelegate.swift in Sources */ = {isa = PBXBuildFile; fileRef = 8DF68DC027E10C020041859C /* AppDelegate.swift */; };
		8DF68DC327E10C020041859C /* SceneDelegate.swift in Sources */ = {isa = PBXBuildFile; fileRef = 8DF68DC227E10C020041859C /* SceneDelegate.swift */; };
		8DF68DC527E10C020041859C /* AddStoryPromptViewController.swift in Sources */ = {isa = PBXBuildFile; fileRef = 8DF68DC427E10C020041859C /* AddStoryPromptViewController.swift */; };
		8DF68DC827E10C020041859C /* Main.storyboard in Resources */ = {isa = PBXBuildFile; fileRef = 8DF68DC627E10C020041859C /* Main.storyboard */; };
		8DF68DCA27E10C020041859C /* Assets.xcassets in Resources */ = {isa = PBXBuildFile; fileRef = 8DF68DC927E10C020041859C /* Assets.xcassets */; };
		8DF68DCD27E10C020041859C /* LaunchScreen.storyboard in Resources */ = {isa = PBXBuildFile; fileRef = 8DF68DCB27E10C020041859C /* LaunchScreen.storyboard */; };
		8DF68DD727E10D150041859C /* StoryPromptEntry.swift in Sources */ = {isa = PBXBuildFile; fileRef = 8DF68DD527E10D150041859C /* StoryPromptEntry.swift */; };
		8DF68DD827E10D150041859C /* StoryPrompts.swift in Sources */ = {isa = PBXBuildFile; fileRef = 8DF68DD627E10D150041859C /* StoryPrompts.swift */; };
/* End PBXBuildFile section */

/* Begin PBXFileReference section */
		8DAA74B427E3A6D50059A9C6 /* StoryPromptViewController.swift */ = {isa = PBXFileReference; lastKnownFileType = sourcecode.swift; path = StoryPromptViewController.swift; sourceTree = "<group>"; };
		8DF68DBD27E10C020041859C /* StoryPrompt.app */ = {isa = PBXFileReference; explicitFileType = wrapper.application; includeInIndex = 0; path = StoryPrompt.app; sourceTree = BUILT_PRODUCTS_DIR; };
		8DF68DC027E10C020041859C /* AppDelegate.swift */ = {isa = PBXFileReference; lastKnownFileType = sourcecode.swift; path = AppDelegate.swift; sourceTree = "<group>"; };
		8DF68DC227E10C020041859C /* SceneDelegate.swift */ = {isa = PBXFileReference; lastKnownFileType = sourcecode.swift; path = SceneDelegate.swift; sourceTree = "<group>"; };
		8DF68DC427E10C020041859C /* AddStoryPromptViewController.swift */ = {isa = PBXFileReference; lastKnownFileType = sourcecode.swift; path = AddStoryPromptViewController.swift; sourceTree = "<group>"; };
		8DF68DC727E10C020041859C /* Base */ = {isa = PBXFileReference; lastKnownFileType = file.storyboard; name = Base; path = Base.lproj/Main.storyboard; sourceTree = "<group>"; };
		8DF68DC927E10C020041859C /* Assets.xcassets */ = {isa = PBXFileReference; lastKnownFileType = folder.assetcatalog; path = Assets.xcassets; sourceTree = "<group>"; };
		8DF68DCC27E10C020041859C /* Base */ = {isa = PBXFileReference; lastKnownFileType = file.storyboard; name = Base; path = Base.lproj/LaunchScreen.storyboard; sourceTree = "<group>"; };
		8DF68DCE27E10C020041859C /* Info.plist */ = {isa = PBXFileReference; lastKnownFileType = text.plist.xml; path = Info.plist; sourceTree = "<group>"; };
		8DF68DD527E10D150041859C /* StoryPromptEntry.swift */ = {isa = PBXFileReference; fileEncoding = 4; lastKnownFileType = sourcecode.swift; name = StoryPromptEntry.swift; path = "../../../../BasicTrainingSwiftMaterial/video-ukf-materials-versions-1.0/02-meet-the-view-controller/starter/StoryPromptEntry.swift"; sourceTree = "<group>"; };
		8DF68DD627E10D150041859C /* StoryPrompts.swift */ = {isa = PBXFileReference; fileEncoding = 4; lastKnownFileType = sourcecode.swift; name = StoryPrompts.swift; path = "../../../../BasicTrainingSwiftMaterial/video-ukf-materials-versions-1.0/02-meet-the-view-controller/starter/StoryPrompts.swift"; sourceTree = "<group>"; };
/* End PBXFileReference section */

/* Begin PBXFrameworksBuildPhase section */
		8DF68DBA27E10C020041859C /* Frameworks */ = {
			isa = PBXFrameworksBuildPhase;
			buildActionMask = 2147483647;
			files = (
			);
			runOnlyForDeploymentPostprocessing = 0;
		};
/* End PBXFrameworksBuildPhase section */

/* Begin PBXGroup section */
		8DAA74B627E3A6E30059A9C6 /* ViewControllers */ = {
			isa = PBXGroup;
			children = (
				8DF68DC427E10C020041859C /* AddStoryPromptViewController.swift */,
				8DAA74B427E3A6D50059A9C6 /* StoryPromptViewController.swift */,
			);
			path = ViewControllers;
			sourceTree = "<group>";
		};
		8DF68DB427E10C020041859C = {
			isa = PBXGroup;
			children = (
				8DF68DBF27E10C020041859C /* StoryPrompt */,
				8DF68DBE27E10C020041859C /* Products */,
			);
			sourceTree = "<group>";
		};
		8DF68DBE27E10C020041859C /* Products */ = {
			isa = PBXGroup;
			children = (
				8DF68DBD27E10C020041859C /* StoryPrompt.app */,
			);
			name = Products;
			sourceTree = "<group>";
		};
		8DF68DBF27E10C020041859C /* StoryPrompt */ = {
			isa = PBXGroup;
			children = (
				8DAA74B627E3A6E30059A9C6 /* ViewControllers */,
				8DF68DD427E10C0C0041859C /* Model */,
				8DF68DC027E10C020041859C /* AppDelegate.swift */,
				8DF68DC227E10C020041859C /* SceneDelegate.swift */,
				8DF68DC627E10C020041859C /* Main.storyboard */,
				8DF68DC927E10C020041859C /* Assets.xcassets */,
				8DF68DCB27E10C020041859C /* LaunchScreen.storyboard */,
				8DF68DCE27E10C020041859C /* Info.plist */,
			);
			path = StoryPrompt;
			sourceTree = "<group>";
		};
		8DF68DD427E10C0C0041859C /* Model */ = {
			isa = PBXGroup;
			children = (
				8DF68DD527E10D150041859C /* StoryPromptEntry.swift */,
				8DF68DD627E10D150041859C /* StoryPrompts.swift */,
			);
			path = Model;
			sourceTree = "<group>";
		};
/* End PBXGroup section */

/* Begin PBXNativeTarget section */
		8DF68DBC27E10C020041859C /* StoryPrompt */ = {
			isa = PBXNativeTarget;
			buildConfigurationList = 8DF68DD127E10C020041859C /* Build configuration list for PBXNativeTarget "StoryPrompt" */;
			buildPhases = (
				8DF68DB927E10C020041859C /* Sources */,
				8DF68DBA27E10C020041859C /* Frameworks */,
				8DF68DBB27E10C020041859C /* Resources */,
			);
			buildRules = (
			);
			dependencies = (
			);
			name = StoryPrompt;
			productName = StoryPrompt;
			productReference = 8DF68DBD27E10C020041859C /* StoryPrompt.app */;
			productType = "com.apple.product-type.application";
		};
/* End PBXNativeTarget section */

/* Begin PBXProject section */
		8DF68DB527E10C020041859C /* Project object */ = {
			isa = PBXProject;
			attributes = {
				BuildIndependentTargetsInParallel = 1;
				LastSwiftUpdateCheck = 1320;
				LastUpgradeCheck = 1320;
				TargetAttributes = {
					8DF68DBC27E10C020041859C = {
						CreatedOnToolsVersion = 13.2.1;
					};
				};
			};
			buildConfigurationList = 8DF68DB827E10C020041859C /* Build configuration list for PBXProject "StoryPrompt" */;
			compatibilityVersion = "Xcode 13.0";
			developmentRegion = en;
			hasScannedForEncodings = 0;
			knownRegions = (
				en,
				Base,
			);
			mainGroup = 8DF68DB427E10C020041859C;
			productRefGroup = 8DF68DBE27E10C020041859C /* Products */;
			projectDirPath = "";
			projectRoot = "";
			targets = (
				8DF68DBC27E10C020041859C /* StoryPrompt */,
			);
		};
/* End PBXProject section */

/* Begin PBXResourcesBuildPhase section */
		8DF68DBB27E10C020041859C /* Resources */ = {
			isa = PBXResourcesBuildPhase;
			buildActionMask = 2147483647;
			files = (
				8DF68DCD27E10C020041859C /* LaunchScreen.storyboard in Resources */,
				8DF68DCA27E10C020041859C /* Assets.xcassets in Resources */,
				8DF68DC827E10C020041859C /* Main.storyboard in Resources */,
			);
			runOnlyForDeploymentPostprocessing = 0;
		};
/* End PBXResourcesBuildPhase section */

/* Begin PBXSourcesBuildPhase section */
		8DF68DB927E10C020041859C /* Sources */ = {
			isa = PBXSourcesBuildPhase;
			buildActionMask = 2147483647;
			files = (
				8DAA74B527E3A6D50059A9C6 /* StoryPromptViewController.swift in Sources */,
				8DF68DD827E10D150041859C /* StoryPrompts.swift in Sources */,
				8DF68DC527E10C020041859C /* AddStoryPromptViewController.swift in Sources */,
				8DF68DC127E10C020041859C /* AppDelegate.swift in Sources */,
				8DF68DD727E10D150041859C /* StoryPromptEntry.swift in Sources */,
				8DF68DC327E10C020041859C /* SceneDelegate.swift in Sources */,
			);
			runOnlyForDeploymentPostprocessing = 0;
		};
/* End PBXSourcesBuildPhase section */

/* Begin PBXVariantGroup section */
		8DF68DC627E10C020041859C /* Main.storyboard */ = {
			isa = PBXVariantGroup;
			children = (
				8DF68DC727E10C020041859C /* Base */,
			);
			name = Main.storyboard;
			sourceTree = "<group>";
		};
		8DF68DCB27E10C020041859C /* LaunchScreen.storyboard */ = {
			isa = PBXVariantGroup;
			children = (
				8DF68DCC27E10C020041859C /* Base */,
			);
			name = LaunchScreen.storyboard;
			sourceTree = "<group>";
		};
/* End PBXVariantGroup section */

/* Begin XCBuildConfiguration section */
		8DF68DCF27E10C020041859C /* Debug */ = {
			isa = XCBuildConfiguration;
			buildSettings = {
				ALWAYS_SEARCH_USER_PATHS = NO;
				CLANG_ANALYZER_NONNULL = YES;
				CLANG_ANALYZER_NUMBER_OBJECT_CONVERSION = YES_AGGRESSIVE;
				CLANG_CXX_LANGUAGE_STANDARD = "gnu++17";
				CLANG_CXX_LIBRARY = "libc++";
				CLANG_ENABLE_MODULES = YES;
				CLANG_ENABLE_OBJC_ARC = YES;
				CLANG_ENABLE_OBJC_WEAK = YES;
				CLANG_WARN_BLOCK_CAPTURE_AUTORELEASING = YES;
				CLANG_WARN_BOOL_CONVERSION = YES;
				CLANG_WARN_COMMA = YES;
				CLANG_WARN_CONSTANT_CONVERSION = YES;
				CLANG_WARN_DEPRECATED_OBJC_IMPLEMENTATIONS = YES;
				CLANG_WARN_DIRECT_OBJC_ISA_USAGE = YES_ERROR;
				CLANG_WARN_DOCUMENTATION_COMMENTS = YES;
				CLANG_WARN_EMPTY_BODY = YES;
				CLANG_WARN_ENUM_CONVERSION = YES;
				CLANG_WARN_INFINITE_RECURSION = YES;
				CLANG_WARN_INT_CONVERSION = YES;
				CLANG_WARN_NON_LITERAL_NULL_CONVERSION = YES;
				CLANG_WARN_OBJC_IMPLICIT_RETAIN_SELF = YES;
				CLANG_WARN_OBJC_LITERAL_CONVERSION = YES;
				CLANG_WARN_OBJC_ROOT_CLASS = YES_ERROR;
				CLANG_WARN_QUOTED_INCLUDE_IN_FRAMEWORK_HEADER = YES;
				CLANG_WARN_RANGE_LOOP_ANALYSIS = YES;
				CLANG_WARN_STRICT_PROTOTYPES = YES;
				CLANG_WARN_SUSPICIOUS_MOVE = YES;
				CLANG_WARN_UNGUARDED_AVAILABILITY = YES_AGGRESSIVE;
				CLANG_WARN_UNREACHABLE_CODE = YES;
				CLANG_WARN__DUPLICATE_METHOD_MATCH = YES;
				COPY_PHASE_STRIP = NO;
				DEBUG_INFORMATION_FORMAT = dwarf;
				ENABLE_STRICT_OBJC_MSGSEND = YES;
				ENABLE_TESTABILITY = YES;
				GCC_C_LANGUAGE_STANDARD = gnu11;
				GCC_DYNAMIC_NO_PIC = NO;
				GCC_NO_COMMON_BLOCKS = YES;
				GCC_OPTIMIZATION_LEVEL = 0;
				GCC_PREPROCESSOR_DEFINITIONS = (
					"DEBUG=1",
					"$(inherited)",
				);
				GCC_WARN_64_TO_32_BIT_CONVERSION = YES;
				GCC_WARN_ABOUT_RETURN_TYPE = YES_ERROR;
				GCC_WARN_UNDECLARED_SELECTOR = YES;
				GCC_WARN_UNINITIALIZED_AUTOS = YES_AGGRESSIVE;
				GCC_WARN_UNUSED_FUNCTION = YES;
				GCC_WARN_UNUSED_VARIABLE = YES;
				IPHONEOS_DEPLOYMENT_TARGET = 15.2;
				MTL_ENABLE_DEBUG_INFO = INCLUDE_SOURCE;
				MTL_FAST_MATH = YES;
				ONLY_ACTIVE_ARCH = YES;
				SDKROOT = iphoneos;
				SWIFT_ACTIVE_COMPILATION_CONDITIONS = DEBUG;
				SWIFT_OPTIMIZATION_LEVEL = "-Onone";
			};
			name = Debug;
		};
		8DF68DD027E10C020041859C /* Release */ = {
			isa = XCBuildConfiguration;
			buildSettings = {
				ALWAYS_SEARCH_USER_PATHS = NO;
				CLANG_ANALYZER_NONNULL = YES;
				CLANG_ANALYZER_NUMBER_OBJECT_CONVERSION = YES_AGGRESSIVE;
				CLANG_CXX_LANGUAGE_STANDARD = "gnu++17";
				CLANG_CXX_LIBRARY = "libc++";
				CLANG_ENABLE_MODULES = YES;
				CLANG_ENABLE_OBJC_ARC = YES;
				CLANG_ENABLE_OBJC_WEAK = YES;
				CLANG_WARN_BLOCK_CAPTURE_AUTORELEASING = YES;
				CLANG_WARN_BOOL_CONVERSION = YES;
				CLANG_WARN_COMMA = YES;
				CLANG_WARN_CONSTANT_CONVERSION = YES;
				CLANG_WARN_DEPRECATED_OBJC_IMPLEMENTATIONS = YES;
				CLANG_WARN_DIRECT_OBJC_ISA_USAGE = YES_ERROR;
				CLANG_WARN_DOCUMENTATION_COMMENTS = YES;
				CLANG_WARN_EMPTY_BODY = YES;
				CLANG_WARN_ENUM_CONVERSION = YES;
				CLANG_WARN_INFINITE_RECURSION = YES;
				CLANG_WARN_INT_CONVERSION = YES;
				CLANG_WARN_NON_LITERAL_NULL_CONVERSION = YES;
				CLANG_WARN_OBJC_IMPLICIT_RETAIN_SELF = YES;
				CLANG_WARN_OBJC_LITERAL_CONVERSION = YES;
				CLANG_WARN_OBJC_ROOT_CLASS = YES_ERROR;
				CLANG_WARN_QUOTED_INCLUDE_IN_FRAMEWORK_HEADER = YES;
				CLANG_WARN_RANGE_LOOP_ANALYSIS = YES;
				CLANG_WARN_STRICT_PROTOTYPES = YES;
				CLANG_WARN_SUSPICIOUS_MOVE = YES;
				CLANG_WARN_UNGUARDED_AVAILABILITY = YES_AGGRESSIVE;
				CLANG_WARN_UNREACHABLE_CODE = YES;
				CLANG_WARN__DUPLICATE_METHOD_MATCH = YES;
				COPY_PHASE_STRIP = NO;
				DEBUG_INFORMATION_FORMAT = "dwarf-with-dsym";
				ENABLE_NS_ASSERTIONS = NO;
				ENABLE_STRICT_OBJC_MSGSEND = YES;
				GCC_C_LANGUAGE_STANDARD = gnu11;
				GCC_NO_COMMON_BLOCKS = YES;
				GCC_WARN_64_TO_32_BIT_CONVERSION = YES;
				GCC_WARN_ABOUT_RETURN_TYPE = YES_ERROR;
				GCC_WARN_UNDECLARED_SELECTOR = YES;
				GCC_WARN_UNINITIALIZED_AUTOS = YES_AGGRESSIVE;
				GCC_WARN_UNUSED_FUNCTION = YES;
				GCC_WARN_UNUSED_VARIABLE = YES;
				IPHONEOS_DEPLOYMENT_TARGET = 15.2;
				MTL_ENABLE_DEBUG_INFO = NO;
				MTL_FAST_MATH = YES;
				SDKROOT = iphoneos;
				SWIFT_COMPILATION_MODE = wholemodule;
				SWIFT_OPTIMIZATION_LEVEL = "-O";
				VALIDATE_PRODUCT = YES;
			};
			name = Release;
		};
		8DF68DD227E10C020041859C /* Debug */ = {
			isa = XCBuildConfiguration;
			buildSettings = {
				ASSETCATALOG_COMPILER_APPICON_NAME = AppIcon;
				ASSETCATALOG_COMPILER_GLOBAL_ACCENT_COLOR_NAME = AccentColor;
				CODE_SIGN_STYLE = Automatic;
				CURRENT_PROJECT_VERSION = 1;
				DEVELOPMENT_TEAM = TQWJUMYX89;
				GENERATE_INFOPLIST_FILE = YES;
				INFOPLIST_FILE = StoryPrompt/Info.plist;
				INFOPLIST_KEY_UIApplicationSupportsIndirectInputEvents = YES;
				INFOPLIST_KEY_UILaunchStoryboardName = LaunchScreen;
				INFOPLIST_KEY_UIMainStoryboardFile = Main;
				INFOPLIST_KEY_UISupportedInterfaceOrientations = UIInterfaceOrientationPortrait;
				INFOPLIST_KEY_UISupportedInterfaceOrientations_iPad = "UIInterfaceOrientationPortrait UIInterfaceOrientationPortraitUpsideDown UIInterfaceOrientationLandscapeLeft UIInterfaceOrientationLandscapeRight";
				INFOPLIST_KEY_UISupportedInterfaceOrientations_iPhone = "UIInterfaceOrientationPortrait UIInterfaceOrientationLandscapeLeft UIInterfaceOrientationLandscapeRight";
				LD_RUNPATH_SEARCH_PATHS = (
					"$(inherited)",
					"@executable_path/Frameworks",
				);
				MARKETING_VERSION = 1.0;
				PRODUCT_BUNDLE_IDENTIFIER = com.benetts.StoryPrompt;
				PRODUCT_NAME = "$(TARGET_NAME)";
				SWIFT_EMIT_LOC_STRINGS = YES;
				SWIFT_VERSION = 5.0;
				TARGETED_DEVICE_FAMILY = 1;
			};
			name = Debug;
		};
		8DF68DD327E10C020041859C /* Release */ = {
			isa = XCBuildConfiguration;
			buildSettings = {
				ASSETCATALOG_COMPILER_APPICON_NAME = AppIcon;
				ASSETCATALOG_COMPILER_GLOBAL_ACCENT_COLOR_NAME = AccentColor;
				CODE_SIGN_STYLE = Automatic;
				CURRENT_PROJECT_VERSION = 1;
				DEVELOPMENT_TEAM = TQWJUMYX89;
				GENERATE_INFOPLIST_FILE = YES;
				INFOPLIST_FILE = StoryPrompt/Info.plist;
				INFOPLIST_KEY_UIApplicationSupportsIndirectInputEvents = YES;
				INFOPLIST_KEY_UILaunchStoryboardName = LaunchScreen;
				INFOPLIST_KEY_UIMainStoryboardFile = Main;
				INFOPLIST_KEY_UISupportedInterfaceOrientations = UIInterfaceOrientationPortrait;
				INFOPLIST_KEY_UISupportedInterfaceOrientations_iPad = "UIInterfaceOrientationPortrait UIInterfaceOrientationPortraitUpsideDown UIInterfaceOrientationLandscapeLeft UIInterfaceOrientationLandscapeRight";
				INFOPLIST_KEY_UISupportedInterfaceOrientations_iPhone = "UIInterfaceOrientationPortrait UIInterfaceOrientationLandscapeLeft UIInterfaceOrientationLandscapeRight";
				LD_RUNPATH_SEARCH_PATHS = (
					"$(inherited)",
					"@executable_path/Frameworks",
				);
				MARKETING_VERSION = 1.0;
				PRODUCT_BUNDLE_IDENTIFIER = com.benetts.StoryPrompt;
				PRODUCT_NAME = "$(TARGET_NAME)";
				SWIFT_EMIT_LOC_STRINGS = YES;
				SWIFT_VERSION = 5.0;
				TARGETED_DEVICE_FAMILY = 1;
			};
			name = Release;
		};
/* End XCBuildConfiguration section */

/* Begin XCConfigurationList section */
		8DF68DB827E10C020041859C /* Build configuration list for PBXProject "StoryPrompt" */ = {
			isa = XCConfigurationList;
			buildConfigurations = (
				8DF68DCF27E10C020041859C /* Debug */,
				8DF68DD027E10C020041859C /* Release */,
			);
			defaultConfigurationIsVisible = 0;
			defaultConfigurationName = Release;
		};
		8DF68DD127E10C020041859C /* Build configuration list for PBXNativeTarget "StoryPrompt" */ = {
			isa = XCConfigurationList;
			buildConfigurations = (
				8DF68DD227E10C020041859C /* Debug */,
				8DF68DD327E10C020041859C /* Release */,
			);
			defaultConfigurationIsVisible = 0;
			defaultConfigurationName = Release;
		};
/* End XCConfigurationList section */
	};
	rootObject = 8DF68DB527E10C020041859C /* Project object */;
}
